{
  "originHash" : "084dcea98ee3d5c20b4c7dc29bdb408316e719966e247c4a2ed718feea1987ac",
  "pins" : [
    {
      "identity" : "keyboardshortcuts",
      "kind" : "remoteSourceControl",
      "location" : "https://github.com/sindresorhus/KeyboardShortcuts",
      "state" : {
        "revision" : "7ecc38bb6edf7d087d30e737057b8d8a9b7f51eb",
        "version" : "2.2.4"
      }
    },
    {
      "identity" : "symbolpicker",
      "kind" : "remoteSourceControl",
      "location" : "https://github.com/xnth97/SymbolPicker",
      "state" : {
        "revision" : "8bb08c982235b8e601bc500a41e770d7e198759b",
        "version" : "1.6.2"
      }
    }
  ],
  "version" : 3
}
