{
  "originHash" : "3a2d12084383eecf495e93ec503ede885dd97bbe8dd8af2cd6735ce57bd860f4",
  "pins" : [
    {
      "identity" : "symbolpicker",
      "kind" : "remoteSourceControl",
      "location" : "https://github.com/xnth97/SymbolPicker",
      "state" : {
        "revision" : "e0c5e1c7aad1b8c97d6612cc76ce443178c728f0",
        "version" : "1.6.1"
      }
    }
  ],
  "version" : 3
}
