{
  "originHash" : "65f4e9a33af9167bbab4c50b5b586ab3680ce99f4bd2e96eb9d5971259c6f51e",
  "pins" : [
    {
      "identity" : "faviconfinder",
      "kind" : "remoteSourceControl",
      "location" : "https://github.com/will-lumley/FaviconFinder",
      "state" : {
        "revision" : "9279f4371f4877ca302ba3bf1015f3f58ae4a56c",
        "version" : "5.1.4"
      }
    },
    {
      "identity" : "swiftsoup",
      "kind" : "remoteSourceControl",
      "location" : "https://github.com/scinfu/SwiftSoup.git",
      "state" : {
        "revision" : "6b4930da67b462d3f200472c902dd016d37a554d",
        "version" : "2.7.7"
      }
    },
    {
      "identity" : "symbolpicker",
      "kind" : "remoteSourceControl",
      "location" : "https://github.com/xnth97/SymbolPicker",
      "state" : {
        "revision" : "e0c5e1c7aad1b8c97d6612cc76ce443178c728f0",
        "version" : "1.6.1"
      }
    }
  ],
  "version" : 3
}
