{
  "originHash" : "69c598a85fd8cbc31f2bacb0482cc9287c3da8a243be50eb9dfd59ae357e8805",
  "pins" : [
    {
      "identity" : "splitview",
      "kind" : "remoteSourceControl",
      "location" : "https://github.com/stevengharris/SplitView",
      "state" : {
        "revision" : "7737a80740919c2fa94a6e64f870d37ef77b9b5f",
        "version" : "3.5.3"
      }
    }
  ],
  "version" : 3
}
